{
  "nodes": {
    "home-manager": {
      "inputs": {
        "nixpkgs": [
          "nixpkgs"
        ]
      },
      "locked": {
        "lastModified": 1752391422,
        "narHash": "sha256-ReX0NG6nIAEtQQjLqeu1vUU2jjZuMlpymNtb4VQYeus=",
        "owner": "nix-community",
        "repo": "home-manager",
        "rev": "c26266790678863cce8e7460fdbf0d80991b1906",
        "type": "github"
      },
      "original": {
        "owner": "nix-community",
        "ref": "release-25.05",
        "repo": "home-manager",
        "type": "github"
      }
    },
    "nixpkgs": {
      "locked": {
        "lastModified": 1752162966,
        "narHash": "sha256-3MxxkU8ZXMHXcbFz7UE4M6qnIPTYGcE/7EMqlZNnVDE=",
        "owner": "nixos",
        "repo": "nixpkgs",
        "rev": "10e687235226880ed5e9f33f1ffa71fe60f2638a",
        "type": "github"
      },
      "original": {
        "owner": "nixos",
        "ref": "nixos-25.05",
        "repo": "nixpkgs",
        "type": "github"
      }
    },
    "nixpkgs-24": {
      "locked": {
        "lastModified": 1742754969,
        "narHash": "sha256-pmBphBjyfYrHjt6FYG+lRbJTSZayDyiJHd/wA9u8Acs=",
        "owner": "nixos",
        "repo": "nixpkgs",
        "rev": "34042055a2c4b22d40926b4b5b544f32cf07e7fc",
        "type": "github"
      },
      "original": {
        "owner": "nixos",
        "ref": "3404205",
        "repo": "nixpkgs",
        "type": "github"
      }
    },
    "nixpkgs-unstable": {
      "locked": {
        "lastModified": 1751984180,
        "narHash": "sha256-LwWRsENAZJKUdD3SpLluwDmdXY9F45ZEgCb0X+xgOL0=",
        "owner": "nixos",
        "repo": "nixpkgs",
        "rev": "9807714d6944a957c2e036f84b0ff8caf9930bc0",
        "type": "github"
      },
      "original": {
        "owner": "nixos",
        "ref": "nixos-unstable",
        "repo": "nixpkgs",
        "type": "github"
      }
    },
    "pr-freelens": {
      "locked": {
        "lastModified": 1749753501,
        "narHash": "sha256-VUEzrWEKRgjznaYIyZcLIgpgTeux5g50oYftmT5H6h0=",
        "owner": "skwig",
        "repo": "nixpkgs",
        "rev": "99ea2a190e7dca6057cb2205832978bf745612dc",
        "type": "github"
      },
      "original": {
        "owner": "skwig",
        "ref": "init-freelens",
        "repo": "nixpkgs",
        "type": "github"
      }
    },
    "root": {
      "inputs": {
        "home-manager": "home-manager",
        "nixpkgs": "nixpkgs",
        "nixpkgs-24": "nixpkgs-24",
        "nixpkgs-unstable": "nixpkgs-unstable",
        "pr-freelens": "pr-freelens"
      }
    }
  },
  "root": "root",
  "version": 7
}
