{
  "nodes": {
    "nixpkgs": {
      "locked": {
        "lastModified": 1742754969,
        "narHash": "sha256-pmBphBjyfYrHjt6FYG+lRbJTSZayDyiJHd/wA9u8Acs=",
        "owner": "nixos",
        "repo": "nixpkgs",
        "rev": "34042055a2c4b22d40926b4b5b544f32cf07e7fc",
        "type": "github"
      },
      "original": {
        "owner": "nixos",
        "ref": "3404205",
        "repo": "nixpkgs",
        "type": "github"
      }
    },
    "nixpkgs-unstable": {
      "locked": {
        "lastModified": 1746663147,
        "narHash": "sha256-Ua0drDHawlzNqJnclTJGf87dBmaO/tn7iZ+TCkTRpRc=",
        "owner": "nixos",
        "repo": "nixpkgs",
        "rev": "dda3dcd3fe03e991015e9a74b22d35950f264a54",
        "type": "github"
      },
      "original": {
        "owner": "nixos",
        "ref": "nixos-unstable",
        "repo": "nixpkgs",
        "type": "github"
      }
    },
    "pr-freelens": {
      "locked": {
        "lastModified": 1747327468,
        "narHash": "sha256-otZfhzRNu2rbAEkeZg+bn5ERYS25XFgiDgTZkG5+OPQ=",
        "owner": "skwig",
        "repo": "nixpkgs",
        "rev": "e6372f4864e81da824702d0faba0df8c6017557b",
        "type": "github"
      },
      "original": {
        "owner": "skwig",
        "ref": "init-freelens",
        "repo": "nixpkgs",
        "type": "github"
      }
    },
    "root": {
      "inputs": {
        "nixpkgs": "nixpkgs",
        "nixpkgs-unstable": "nixpkgs-unstable",
        "pr-freelens": "pr-freelens"
      }
    }
  },
  "root": "root",
  "version": 7
}
